
Microsoft Visual Studio Solution File, Format Version 12.00
# Visual Studio Version 16
VisualStudioVersion = 16.0.29403.142
MinimumVisualStudioVersion = 10.0.40219.1
Project("{9A19103F-16F7-4668-BE54-9A1E7A4F7556}") = "ChatRoomChallenge", "chatRoomChallenge\ChatRoomChallenge.csproj", "{01A57698-D700-4A98-B391-2A5A4FF12EEF}"
EndProject
Global
	GlobalSection(SolutionConfigurationPlatforms) = preSolution
		Debug|Any CPU = Debug|Any CPU
		Release|Any CPU = Release|Any CPU
	EndGlobalSection
	GlobalSection(ProjectConfigurationPlatforms) = postSolution
		{01A57698-D700-4A98-B391-2A5A4FF12EEF}.Debug|Any CPU.ActiveCfg = Debug|Any CPU
		{01A57698-D700-4A98-B391-2A5A4FF12EEF}.Debug|Any CPU.Build.0 = Debug|Any CPU
		{01A57698-D700-4A98-B391-2A5A4FF12EEF}.Release|Any CPU.ActiveCfg = Release|Any CPU
		{01A57698-D700-4A98-B391-2A5A4FF12EEF}.Release|Any CPU.Build.0 = Release|Any CPU
	EndGlobalSection
	GlobalSection(SolutionProperties) = preSolution
		HideSolutionNode = FALSE
	EndGlobalSection
	GlobalSection(ExtensibilityGlobals) = postSolution
		SolutionGuid = {BA798D98-9B00-4477-9B2A-976C17468F7F}
	EndGlobalSection
EndGlobal
